<?xml version="1.0" encoding="utf-8"?>
<Project ToolsVersion="4.0" xmlns="http://schemas.microsoft.com/developer/msbuild/2003">
  <ItemGroup>
    <Filter Include="Generated Files">
      <UniqueIdentifier>{71ED8ED8-ACB9-4CE9-BBE1-E00B30144E11}</UniqueIdentifier>
      <Extensions>moc;h;cpp</Extensions>
      <SourceControlFiles>False</SourceControlFiles>
    </Filter>
    <Filter Include="Generated Files\Debug">
      <UniqueIdentifier>{a1a5ffdf-74fb-4797-952e-bcd6252e6ed7}</UniqueIdentifier>
      <Extensions>cpp;moc</Extensions>
      <SourceControlFiles>False</SourceControlFiles>
    </Filter>
    <Filter Include="Generated Files\Release">
      <UniqueIdentifier>{a0f430f9-92c6-4e06-809b-238390bae142}</UniqueIdentifier>
      <Extensions>cpp;moc</Extensions>
      <SourceControlFiles>False</SourceControlFiles>
    </Filter>
    <Filter Include="Gui">
      <UniqueIdentifier>{a97e9c41-995b-40d2-bc63-d70b80cf0e16}</UniqueIdentifier>
    </Filter>
    <Filter Include="Generator">
      <UniqueIdentifier>{2de1232f-6ca7-4d2b-a15f-1df479174b30}</UniqueIdentifier>
    </Filter>
    <Filter Include="Generator\Addition">
      <UniqueIdentifier>{21035d8b-2a49-4806-9fa3-47bf4de3a993}</UniqueIdentifier>
    </Filter>
  </ItemGroup>
  <ItemGroup>
    <ClCompile Include="GeneratedFiles\Debug\moc_gui.cpp">
      <Filter>Generated Files\Debug</Filter>
    </ClCompile>
    <ClCompile Include="GeneratedFiles\Release\moc_gui.cpp">
      <Filter>Generated Files\Release</Filter>
    </ClCompile>
    <ClCompile Include="GeneratedFiles\qrc_gui.cpp">
      <Filter>Generated Files</Filter>
    </ClCompile>
    <ClCompile Include="gui.cpp">
      <Filter>Gui</Filter>
    </ClCompile>
    <ClCompile Include="main.cpp">
      <Filter>Gui</Filter>
    </ClCompile>
    <ClCompile Include="LFSR_superposed.cpp">
      <Filter>Generator</Filter>
    </ClCompile>
    <ClCompile Include="BinaryNumber.cpp">
      <Filter>Generator\Addition</Filter>
    </ClCompile>
    <ClCompile Include="Register.cpp">
      <Filter>Generated Files</Filter>
    </ClCompile>
  </ItemGroup>
  <ItemGroup>
    <CustomBuild Include="gui.ui">
      <Filter>Gui</Filter>
    </CustomBuild>
    <CustomBuild Include="gui.h">
      <Filter>Gui</Filter>
    </CustomBuild>
    <CustomBuild Include="gui.qrc">
      <Filter>Gui</Filter>
    </CustomBuild>
  </ItemGroup>
  <ItemGroup>
    <ClInclude Include="GeneratedFiles\ui_gui.h">
      <Filter>Generated Files</Filter>
    </ClInclude>
    <ClInclude Include="AbstractGenerator.h">
      <Filter>Generator</Filter>
    </ClInclude>
    <ClInclude Include="LFSR_superposed.h">
      <Filter>Generator</Filter>
    </ClInclude>
    <ClInclude Include="Polynomial.h">
      <Filter>Generator\Addition</Filter>
    </ClInclude>
    <ClInclude Include="BinaryNumber.h">
      <Filter>Generator\Addition</Filter>
    </ClInclude>
    <ClInclude Include="Register.h">
      <Filter>Generated Files</Filter>
    </ClInclude>
    <ClInclude Include="cGenerator.h">
      <Filter>Generated Files</Filter>
    </ClInclude>
  </ItemGroup>
  <ItemGroup>
    <ResourceCompile Include="Lab1.rc" />
  </ItemGroup>
</Project>