<?xml version="1.0" encoding="utf-8"?>
<Project ToolsVersion="4.0" xmlns="http://schemas.microsoft.com/developer/msbuild/2003">
  <ItemGroup>
    <Filter Include="Source Files">
      <UniqueIdentifier>{4FC737F1-C7A5-4376-A066-2A32D752A2FF}</UniqueIdentifier>
      <Extensions>cpp;c;cc;cxx;def;odl;idl;hpj;bat;asm;asmx</Extensions>
    </Filter>
    <Filter Include="Generated Files">
      <UniqueIdentifier>{71ED8ED8-ACB9-4CE9-BBE1-E00B30144E11}</UniqueIdentifier>
      <Extensions>moc;h;cpp</Extensions>
      <SourceControlFiles>False</SourceControlFiles>
    </Filter>
    <Filter Include="Generated Files\Debug">
      <UniqueIdentifier>{0c6bd43b-43ea-4b3d-8cba-189b180a480f}</UniqueIdentifier>
      <Extensions>cpp;moc</Extensions>
      <SourceControlFiles>False</SourceControlFiles>
    </Filter>
    <Filter Include="Generated Files\Release">
      <UniqueIdentifier>{682bcb66-9b4d-470e-b61d-ea83c0eef215}</UniqueIdentifier>
      <Extensions>cpp;moc</Extensions>
      <SourceControlFiles>False</SourceControlFiles>
    </Filter>
    <Filter Include="GUI">
      <UniqueIdentifier>{e4165add-ad4d-44c6-9de8-10e9a9bdf7ee}</UniqueIdentifier>
    </Filter>
    <Filter Include="Import">
      <UniqueIdentifier>{93995380-89BD-4b04-88EB-625FBE52EBFB}</UniqueIdentifier>
      <Extensions>h;hh;hpp;hxx;hm;inl;inc;xsd</Extensions>
    </Filter>
    <Filter Include="Hystogram">
      <UniqueIdentifier>{f8fab25f-e667-43ae-aa28-33080118c037}</UniqueIdentifier>
    </Filter>
    <Filter Include="Decider">
      <UniqueIdentifier>{D9D6E242-F8AF-46E4-B9FD-80ECBC20BA3E}</UniqueIdentifier>
      <Extensions>qrc;*</Extensions>
      <ParseFiles>false</ParseFiles>
    </Filter>
  </ItemGroup>
  <ItemGroup>
    <ClCompile Include="main.cpp">
      <Filter>Source Files</Filter>
    </ClCompile>
    <ClCompile Include="GeneratedFiles\Debug\moc_GUI.cpp">
      <Filter>Generated Files\Debug</Filter>
    </ClCompile>
    <ClCompile Include="GeneratedFiles\Release\moc_GUI.cpp">
      <Filter>Generated Files\Release</Filter>
    </ClCompile>
    <ClCompile Include="GeneratedFiles\qrc_GUI.cpp">
      <Filter>Generated Files</Filter>
    </ClCompile>
    <ClCompile Include="GUI.cpp">
      <Filter>GUI</Filter>
    </ClCompile>
    <ClCompile Include="Importer.cpp">
      <Filter>Import</Filter>
    </ClCompile>
    <ClCompile Include="Data.cpp">
      <Filter>Hystogram</Filter>
    </ClCompile>
  </ItemGroup>
  <ItemGroup>
    <CustomBuild Include="GUI.ui">
      <Filter>GUI</Filter>
    </CustomBuild>
    <CustomBuild Include="GUI.h">
      <Filter>GUI</Filter>
    </CustomBuild>
    <CustomBuild Include="GUI.qrc">
      <Filter>GUI</Filter>
    </CustomBuild>
    <CustomBuild Include="GeneratedFiles\ui_GUI.h">
      <Filter>Generated Files</Filter>
    </CustomBuild>
    <CustomBuild Include="Importer.hpp">
      <Filter>Import</Filter>
    </CustomBuild>
    <CustomBuild Include="AbstractCanvas.hpp">
      <Filter>Hystogram</Filter>
    </CustomBuild>
    <CustomBuild Include="Data.hpp">
      <Filter>Hystogram</Filter>
    </CustomBuild>
    <CustomBuild Include="Hystogram.hpp">
      <Filter>Hystogram</Filter>
    </CustomBuild>
  </ItemGroup>
  <ItemGroup>
    <ClInclude Include="DoubleGram.hpp">
      <Filter>Hystogram</Filter>
    </ClInclude>
    <ClInclude Include="Decider.hpp">
      <Filter>Decider</Filter>
    </ClInclude>
    <ClInclude Include="Quad.hpp">
      <Filter>Hystogram</Filter>
    </ClInclude>
  </ItemGroup>
</Project>