<?xml version="1.0" encoding="utf-8"?>
<Project ToolsVersion="4.0" xmlns="http://schemas.microsoft.com/developer/msbuild/2003">
  <ItemGroup>
    <Filter Include="Source Files">
      <UniqueIdentifier>{4FC737F1-C7A5-4376-A066-2A32D752A2FF}</UniqueIdentifier>
      <Extensions>cpp;c;cc;cxx;def;odl;idl;hpj;bat;asm;asmx</Extensions>
    </Filter>
    <Filter Include="Resource Files">
      <UniqueIdentifier>{D9D6E242-F8AF-46E4-B9FD-80ECBC20BA3E}</UniqueIdentifier>
      <Extensions>qrc;*</Extensions>
      <ParseFiles>false</ParseFiles>
    </Filter>
    <Filter Include="Generated Files">
      <UniqueIdentifier>{71ED8ED8-ACB9-4CE9-BBE1-E00B30144E11}</UniqueIdentifier>
      <Extensions>moc;h;cpp</Extensions>
      <SourceControlFiles>False</SourceControlFiles>
    </Filter>
    <Filter Include="Generated Files\Debug">
      <UniqueIdentifier>{05bac3d3-b0f6-453d-8cbc-aeff5f9df210}</UniqueIdentifier>
      <Extensions>cpp;moc</Extensions>
      <SourceControlFiles>False</SourceControlFiles>
    </Filter>
    <Filter Include="Generated Files\Release">
      <UniqueIdentifier>{2db587e8-31b2-445f-8fd9-cc527143b802}</UniqueIdentifier>
      <Extensions>cpp;moc</Extensions>
      <SourceControlFiles>False</SourceControlFiles>
    </Filter>
    <Filter Include="GUI">
      <UniqueIdentifier>{0a04cf75-32f1-44e4-82d1-2bf684f5d985}</UniqueIdentifier>
    </Filter>
    <Filter Include="Graph">
      <UniqueIdentifier>{ba0bdc91-6685-4fb8-ac2d-13f2ed57e1cf}</UniqueIdentifier>
    </Filter>
    <Filter Include="Visualization">
      <UniqueIdentifier>{221af710-cc29-4f45-854c-b949a3ed3c06}</UniqueIdentifier>
    </Filter>
    <Filter Include="Process">
      <UniqueIdentifier>{babfe173-e1bd-4596-b86a-0668186a5bcd}</UniqueIdentifier>
    </Filter>
  </ItemGroup>
  <ItemGroup>
    <ClCompile Include="main.cpp">
      <Filter>Source Files</Filter>
    </ClCompile>
    <ClCompile Include="GeneratedFiles\Debug\moc_GUI.cpp">
      <Filter>Generated Files\Debug</Filter>
    </ClCompile>
    <ClCompile Include="GeneratedFiles\Release\moc_GUI.cpp">
      <Filter>Generated Files\Release</Filter>
    </ClCompile>
    <ClCompile Include="GeneratedFiles\qrc_GUI.cpp">
      <Filter>Generated Files</Filter>
    </ClCompile>
    <ClCompile Include="GUI.cpp">
      <Filter>GUI</Filter>
    </ClCompile>
    <ClCompile Include="Point.cpp">
      <Filter>Graph</Filter>
    </ClCompile>
    <ClCompile Include="Graph.cpp">
      <Filter>Graph</Filter>
    </ClCompile>
    <ClCompile Include="GeneratedFiles\Debug\moc_VisualGraph.cpp">
      <Filter>Generated Files\Debug</Filter>
    </ClCompile>
    <ClCompile Include="VisualGraph.cpp">
      <Filter>Visualization</Filter>
    </ClCompile>
    <ClCompile Include="GeneratedFiles\Release\moc_VisualGraph.cpp">
      <Filter>Generated Files\Release</Filter>
    </ClCompile>
    <ClCompile Include="TravelingPoint.cpp">
      <Filter>Process</Filter>
    </ClCompile>
    <ClCompile Include="ProcessGraph.cpp">
      <Filter>Process</Filter>
    </ClCompile>
  </ItemGroup>
  <ItemGroup>
    <CustomBuild Include="GUI.h">
      <Filter>GUI</Filter>
    </CustomBuild>
    <CustomBuild Include="GUI.ui">
      <Filter>GUI</Filter>
    </CustomBuild>
    <CustomBuild Include="GUI.qrc">
      <Filter>GUI</Filter>
    </CustomBuild>
    <CustomBuild Include="VisualGraph.hpp">
      <Filter>Visualization</Filter>
    </CustomBuild>
  </ItemGroup>
  <ItemGroup>
    <ClInclude Include="GeneratedFiles\ui_GUI.h">
      <Filter>Generated Files</Filter>
    </ClInclude>
    <ClInclude Include="Point.hpp">
      <Filter>Graph</Filter>
    </ClInclude>
    <ClInclude Include="Graph.hpp">
      <Filter>Graph</Filter>
    </ClInclude>
    <ClInclude Include="ProcessGraph.hpp">
      <Filter>Process</Filter>
    </ClInclude>
    <ClInclude Include="TravelingPoint.hpp">
      <Filter>Process</Filter>
    </ClInclude>
  </ItemGroup>
  <ItemGroup>
    <None Include="VertexShader.glsl">
      <Filter>Visualization</Filter>
    </None>
    <None Include="FragmentShader.glsl">
      <Filter>Visualization</Filter>
    </None>
    <None Include="OpacityShader.glsl">
      <Filter>Visualization</Filter>
    </None>
  </ItemGroup>
</Project>