<?xml version="1.0" encoding="utf-8"?>
<Project ToolsVersion="4.0" xmlns="http://schemas.microsoft.com/developer/msbuild/2003">
  <ItemGroup>
    <Filter Include="Generated Files">
      <UniqueIdentifier>{71ED8ED8-ACB9-4CE9-BBE1-E00B30144E11}</UniqueIdentifier>
      <Extensions>moc;h;cpp</Extensions>
      <SourceControlFiles>False</SourceControlFiles>
    </Filter>
    <Filter Include="Generated Files\Debug">
      <UniqueIdentifier>{9768e575-cff6-46eb-a6ba-ea16f249d9b9}</UniqueIdentifier>
      <Extensions>cpp;moc</Extensions>
      <SourceControlFiles>False</SourceControlFiles>
    </Filter>
    <Filter Include="Generated Files\Release">
      <UniqueIdentifier>{3543dfed-0a7e-4606-ba36-4596feec1259}</UniqueIdentifier>
      <Extensions>cpp;moc</Extensions>
      <SourceControlFiles>False</SourceControlFiles>
    </Filter>
    <Filter Include="GUI">
      <UniqueIdentifier>{30d8e8bc-c2b6-40bf-8204-b39d25e050e4}</UniqueIdentifier>
    </Filter>
    <Filter Include="Generator">
      <UniqueIdentifier>{dd603a57-b9fc-4fab-8543-30262071c587}</UniqueIdentifier>
    </Filter>
  </ItemGroup>
  <ItemGroup>
    <ClCompile Include="GeneratedFiles\Debug\moc_gui.cpp">
      <Filter>Generated Files\Debug</Filter>
    </ClCompile>
    <ClCompile Include="GeneratedFiles\Release\moc_gui.cpp">
      <Filter>Generated Files\Release</Filter>
    </ClCompile>
    <ClCompile Include="GeneratedFiles\qrc_gui.cpp">
      <Filter>Generated Files</Filter>
    </ClCompile>
    <ClCompile Include="gui.cpp">
      <Filter>GUI</Filter>
    </ClCompile>
    <ClCompile Include="main.cpp">
      <Filter>GUI</Filter>
    </ClCompile>
    <ClCompile Include="GeneratedFiles\Debug\moc_Points.cpp">
      <Filter>Generated Files\Debug</Filter>
    </ClCompile>
    <ClCompile Include="GeneratedFiles\Release\moc_Points.cpp">
      <Filter>Generated Files\Release</Filter>
    </ClCompile>
    <ClCompile Include="GeneratedFiles\Debug\moc_Graphs.cpp">
      <Filter>Generated Files\Debug</Filter>
    </ClCompile>
    <ClCompile Include="GeneratedFiles\Release\moc_Graphs.cpp">
      <Filter>Generated Files\Release</Filter>
    </ClCompile>
  </ItemGroup>
  <ItemGroup>
    <CustomBuild Include="gui.ui">
      <Filter>GUI</Filter>
    </CustomBuild>
    <CustomBuild Include="gui.h">
      <Filter>GUI</Filter>
    </CustomBuild>
    <CustomBuild Include="gui.qrc">
      <Filter>GUI</Filter>
    </CustomBuild>
    <CustomBuild Include="Canvas.hpp">
      <Filter>GUI</Filter>
    </CustomBuild>
    <CustomBuild Include="Points.hpp">
      <Filter>GUI</Filter>
    </CustomBuild>
    <CustomBuild Include="Graphs.hpp">
      <Filter>GUI</Filter>
    </CustomBuild>
  </ItemGroup>
  <ItemGroup>
    <ClInclude Include="GeneratedFiles\ui_gui.h">
      <Filter>Generated Files</Filter>
    </ClInclude>
    <ClInclude Include="CustomLawGenerator.hpp">
      <Filter>Generator</Filter>
    </ClInclude>
    <ClInclude Include="Pair.hpp">
      <Filter>Generator</Filter>
    </ClInclude>
  </ItemGroup>
</Project>